
Microsoft Visual Studio Solution File, Format Version 12.00
# Visual Studio 15
VisualStudioVersion = 15.0.27428.2015
MinimumVisualStudioVersion = 10.0.40219.1
Project("{FAE04EC0-301F-11D3-BF4B-00C04F79EFBC}") = "Pila con Letras", "Pila con Letras\Pila con Letras.csproj", "{9CCA7254-BF2F-437B-9F59-B1F42648A23A}"
EndProject
Global
	GlobalSection(SolutionConfigurationPlatforms) = preSolution
		Debug|Any CPU = Debug|Any CPU
		Release|Any CPU = Release|Any CPU
	EndGlobalSection
	GlobalSection(ProjectConfigurationPlatforms) = postSolution
		{9CCA7254-BF2F-437B-9F59-B1F42648A23A}.Debug|Any CPU.ActiveCfg = Debug|Any CPU
		{9CCA7254-BF2F-437B-9F59-B1F42648A23A}.Debug|Any CPU.Build.0 = Debug|Any CPU
		{9CCA7254-BF2F-437B-9F59-B1F42648A23A}.Release|Any CPU.ActiveCfg = Release|Any CPU
		{9CCA7254-BF2F-437B-9F59-B1F42648A23A}.Release|Any CPU.Build.0 = Release|Any CPU
	EndGlobalSection
	GlobalSection(SolutionProperties) = preSolution
		HideSolutionNode = FALSE
	EndGlobalSection
	GlobalSection(ExtensibilityGlobals) = postSolution
		SolutionGuid = {8BA7EF88-0EA2-4E2C-9334-5EB1D8A44AB4}
	EndGlobalSection
EndGlobal
